
Microsoft Visual Studio Solution File, Format Version 12.00
# Visual Studio 15
VisualStudioVersion = 15.0.27419.1
MinimumVisualStudioVersion = 10.0.40219.1
Project("{FAE04EC0-301F-11D3-BF4B-00C04F79EFBC}") = "InMemoryTransport", "InMemoryTransport\InMemoryTransport.csproj", "{368A0B4A-FAD1-440B-8213-D01DF1676D90}"
EndProject
Global
	GlobalSection(SolutionConfigurationPlatforms) = preSolution
		Debug|Any CPU = Debug|Any CPU
		Release|Any CPU = Release|Any CPU
	EndGlobalSection
	GlobalSection(ProjectConfigurationPlatforms) = postSolution
		{368A0B4A-FAD1-440B-8213-D01DF1676D90}.Debug|Any CPU.ActiveCfg = Debug|Any CPU
		{368A0B4A-FAD1-440B-8213-D01DF1676D90}.Debug|Any CPU.Build.0 = Debug|Any CPU
		{368A0B4A-FAD1-440B-8213-D01DF1676D90}.Release|Any CPU.ActiveCfg = Release|Any CPU
		{368A0B4A-FAD1-440B-8213-D01DF1676D90}.Release|Any CPU.Build.0 = Release|Any CPU
	EndGlobalSection
	GlobalSection(SolutionProperties) = preSolution
		HideSolutionNode = FALSE
	EndGlobalSection
	GlobalSection(ExtensibilityGlobals) = postSolution
		SolutionGuid = {818C880B-21EB-43C7-8BF3-1EBFD692E67A}
	EndGlobalSection
EndGlobal
